
Microsoft Visual Studio Solution File, Format Version 12.00
# Visual Studio Version 16
VisualStudioVersion = 16.0.31229.75
MinimumVisualStudioVersion = 10.0.40219.1
Project("{FAE04EC0-301F-11D3-BF4B-00C04F79EFBC}") = "Archiver", "Archiver\Archiver.csproj", "{62FD0AFD-7EEB-4B03-B281-E6236FE7C5F2}"
EndProject
Global
	GlobalSection(SolutionConfigurationPlatforms) = preSolution
		Debug|Any CPU = Debug|Any CPU
		Release|Any CPU = Release|Any CPU
	EndGlobalSection
	GlobalSection(ProjectConfigurationPlatforms) = postSolution
		{62FD0AFD-7EEB-4B03-B281-E6236FE7C5F2}.Debug|Any CPU.ActiveCfg = Debug|Any CPU
		{62FD0AFD-7EEB-4B03-B281-E6236FE7C5F2}.Debug|Any CPU.Build.0 = Debug|Any CPU
		{62FD0AFD-7EEB-4B03-B281-E6236FE7C5F2}.Release|Any CPU.ActiveCfg = Release|Any CPU
		{62FD0AFD-7EEB-4B03-B281-E6236FE7C5F2}.Release|Any CPU.Build.0 = Release|Any CPU
	EndGlobalSection
	GlobalSection(SolutionProperties) = preSolution
		HideSolutionNode = FALSE
	EndGlobalSection
	GlobalSection(ExtensibilityGlobals) = postSolution
		SolutionGuid = {1B6220D3-ED1B-4404-BD88-AF5859B2CFD6}
	EndGlobalSection
EndGlobal
